
Microsoft Visual Studio Solution File, Format Version 12.00
# Visual Studio Version 17
VisualStudioVersion = 17.5.002.0
MinimumVisualStudioVersion = 10.0.40219.1
Project("{9A19103F-16F7-4668-BE54-9A1E7A4F7556}") = "pjtfile", "c#\pjtfile.csproj", "{DA5E00C5-1BB2-4F14-8375-71AF0AC93588}"
EndProject
Global
	GlobalSection(SolutionConfigurationPlatforms) = preSolution
		Debug|Any CPU = Debug|Any CPU
		Release|Any CPU = Release|Any CPU
	EndGlobalSection
	GlobalSection(ProjectConfigurationPlatforms) = postSolution
		{DA5E00C5-1BB2-4F14-8375-71AF0AC93588}.Debug|Any CPU.ActiveCfg = Debug|Any CPU
		{DA5E00C5-1BB2-4F14-8375-71AF0AC93588}.Debug|Any CPU.Build.0 = Debug|Any CPU
		{DA5E00C5-1BB2-4F14-8375-71AF0AC93588}.Release|Any CPU.ActiveCfg = Release|Any CPU
		{DA5E00C5-1BB2-4F14-8375-71AF0AC93588}.Release|Any CPU.Build.0 = Release|Any CPU
	EndGlobalSection
	GlobalSection(SolutionProperties) = preSolution
		HideSolutionNode = FALSE
	EndGlobalSection
	GlobalSection(ExtensibilityGlobals) = postSolution
		SolutionGuid = {8CC88692-2926-4B7A-B97E-AC15F61277FF}
	EndGlobalSection
EndGlobal
